
Microsoft Visual Studio Solution File, Format Version 12.00
# Visual Studio Version 17
VisualStudioVersion = 17.11.35222.181
MinimumVisualStudioVersion = 10.0.40219.1
Project("{9A19103F-16F7-4668-BE54-9A1E7A4F7556}") = "HerramientasCrud", "HerramientasCrud\HerramientasCrud.csproj", "{7D1E5EAC-FC40-4789-9AD3-7A2C459C7119}"
EndProject
Project("{2150E333-8FDC-42A3-9474-1A3956D46DE8}") = "Elementos de la solución", "Elementos de la solución", "{288F28F7-11F7-4BDA-9A0D-53F2616C8470}"
	ProjectSection(SolutionItems) = preProject
		Datos = Datos
	EndProjectSection
EndProject
Global
	GlobalSection(SolutionConfigurationPlatforms) = preSolution
		Debug|Any CPU = Debug|Any CPU
		Release|Any CPU = Release|Any CPU
	EndGlobalSection
	GlobalSection(ProjectConfigurationPlatforms) = postSolution
		{7D1E5EAC-FC40-4789-9AD3-7A2C459C7119}.Debug|Any CPU.ActiveCfg = Debug|Any CPU
		{7D1E5EAC-FC40-4789-9AD3-7A2C459C7119}.Debug|Any CPU.Build.0 = Debug|Any CPU
		{7D1E5EAC-FC40-4789-9AD3-7A2C459C7119}.Release|Any CPU.ActiveCfg = Release|Any CPU
		{7D1E5EAC-FC40-4789-9AD3-7A2C459C7119}.Release|Any CPU.Build.0 = Release|Any CPU
	EndGlobalSection
	GlobalSection(SolutionProperties) = preSolution
		HideSolutionNode = FALSE
	EndGlobalSection
	GlobalSection(ExtensibilityGlobals) = postSolution
		SolutionGuid = {191AD7F2-186E-4368-8EEC-B5FC05083E44}
	EndGlobalSection
EndGlobal
